
Microsoft Visual Studio Solution File, Format Version 12.00
# Visual Studio Version 17
VisualStudioVersion = 17.11.35208.52
MinimumVisualStudioVersion = 10.0.40219.1
Project("{FAE04EC0-301F-11D3-BF4B-00C04F79EFBC}") = "FinancEasy", "FinancEasy\FinancEasy.csproj", "{92B5BAAE-D87D-4A02-9326-64F63C989A11}"
EndProject
Global
	GlobalSection(SolutionConfigurationPlatforms) = preSolution
		Debug|Any CPU = Debug|Any CPU
		Release|Any CPU = Release|Any CPU
	EndGlobalSection
	GlobalSection(ProjectConfigurationPlatforms) = postSolution
		{92B5BAAE-D87D-4A02-9326-64F63C989A11}.Debug|Any CPU.ActiveCfg = Debug|Any CPU
		{92B5BAAE-D87D-4A02-9326-64F63C989A11}.Debug|Any CPU.Build.0 = Debug|Any CPU
		{92B5BAAE-D87D-4A02-9326-64F63C989A11}.Release|Any CPU.ActiveCfg = Release|Any CPU
		{92B5BAAE-D87D-4A02-9326-64F63C989A11}.Release|Any CPU.Build.0 = Release|Any CPU
	EndGlobalSection
	GlobalSection(SolutionProperties) = preSolution
		HideSolutionNode = FALSE
	EndGlobalSection
	GlobalSection(ExtensibilityGlobals) = postSolution
		SolutionGuid = {487506C2-76DB-4412-8711-3BC73B31F295}
	EndGlobalSection
EndGlobal
